{
  "version": 4,
  "terraform_version": "1.1.9",
  "serial": 5,
  "lineage": "649b12f8-b5f8-0000-1cba-1ca528981cf5",
  "outputs": {},
  "resources": [
    {
      "module": "module.ec2module",
      "mode": "managed",
      "type": "aws_budgets_budget",
      "name": "monthly",
      "provider": "module.ec2module.provider[\"registry.terraform.io/hashicorp/aws\"]",
      "instances": [
        {
          "schema_version": 0,
          "attributes": {
            "account_id": "232291241137",
            "arn": "arn:aws:budgets::232291241137:budget/cost-usage-report",
            "budget_type": "COST",
            "cost_filter": [],
            "cost_filters": {},
            "cost_types": [
              {
                "include_credit": true,
                "include_discount": true,
                "include_other_subscription": true,
                "include_recurring": true,
                "include_refund": true,
                "include_subscription": true,
                "include_support": true,
                "include_tax": true,
                "include_upfront": true,
                "use_amortized": false,
                "use_blended": false
              }
            ],
            "id": "232291241137:cost-usage-report",
            "limit_amount": "10.0",
            "limit_unit": "USD",
            "name": "cost-usage-report",
            "name_prefix": "",
            "notification": [
              {
                "comparison_operator": "GREATER_THAN",
                "notification_type": "ACTUAL",
                "subscriber_email_addresses": [
                  "manojgoyal.agarwal@gmail.com"
                ],
                "subscriber_sns_topic_arns": [],
                "threshold": 100,
                "threshold_type": "PERCENTAGE"
              },
              {
                "comparison_operator": "GREATER_THAN",
                "notification_type": "ACTUAL",
                "subscriber_email_addresses": [
                  "manojgoyal.agarwal@gmail.com"
                ],
                "subscriber_sns_topic_arns": [],
                "threshold": 75,
                "threshold_type": "PERCENTAGE"
              },
              {
                "comparison_operator": "GREATER_THAN",
                "notification_type": "ACTUAL",
                "subscriber_email_addresses": [
                  "manojgoyal.agarwal@gmail.com"
                ],
                "subscriber_sns_topic_arns": [],
                "threshold": 90,
                "threshold_type": "PERCENTAGE"
              }
            ],
            "time_period_end": "2087-06-15_00:00",
            "time_period_start": "2021-08-01_00:00",
            "time_unit": "MONTHLY"
          },
          "sensitive_attributes": [],
          "private": "bnVsbA=="
        }
      ]
    },
    {
      "module": "module.ec2module",
      "mode": "managed",
      "type": "aws_s3_bucket",
      "name": "cost-usage-report",
      "provider": "module.ec2module.provider[\"registry.terraform.io/hashicorp/aws\"]",
      "instances": [
        {
          "schema_version": 0,
          "attributes": {
            "acceleration_status": "",
            "acl": "private",
            "arn": "arn:aws:s3:::vori-cost-usage-report",
            "bucket": "vori-cost-usage-report",
            "bucket_domain_name": "vori-cost-usage-report.s3.amazonaws.com",
            "bucket_prefix": null,
            "bucket_regional_domain_name": "vori-cost-usage-report.s3.amazonaws.com",
            "cors_rule": [],
            "force_destroy": false,
            "grant": [],
            "hosted_zone_id": "Z3AQBSTGFYJSTF",
            "id": "vori-cost-usage-report",
            "lifecycle_rule": [],
            "logging": [],
            "object_lock_configuration": [],
            "object_lock_enabled": false,
            "policy": null,
            "region": "us-east-1",
            "replication_configuration": [],
            "request_payer": "BucketOwner",
            "server_side_encryption_configuration": [
              {
                "rule": [
                  {
                    "apply_server_side_encryption_by_default": [
                      {
                        "kms_master_key_id": "",
                        "sse_algorithm": "AES256"
                      }
                    ],
                    "bucket_key_enabled": false
                  }
                ]
              }
            ],
            "tags": {
              "env": "allenv",
              "functionality": "storage",
              "logical-id": "S3Bucket",
              "region": "us-east-1",
              "stack-name": "cost-usage-report"
            },
            "tags_all": {
              "env": "allenv",
              "functionality": "storage",
              "logical-id": "S3Bucket",
              "region": "us-east-1",
              "stack-name": "cost-usage-report"
            },
            "versioning": [
              {
                "enabled": true,
                "mfa_delete": false
              }
            ],
            "website": [],
            "website_domain": null,
            "website_endpoint": null
          },
          "sensitive_attributes": [],
          "private": "bnVsbA=="
        }
      ]
    },
    {
      "module": "module.ec2module",
      "mode": "managed",
      "type": "aws_s3_bucket_public_access_block",
      "name": "private_bucket",
      "provider": "module.ec2module.provider[\"registry.terraform.io/hashicorp/aws\"]",
      "instances": [
        {
          "schema_version": 0,
          "attributes": {
            "block_public_acls": true,
            "block_public_policy": true,
            "bucket": "vori-cost-usage-report",
            "id": "vori-cost-usage-report",
            "ignore_public_acls": true,
            "restrict_public_buckets": true
          },
          "sensitive_attributes": [],
          "private": "bnVsbA=="
        }
      ]
    }
  ]
}
